<?xml version="1.0" encoding="utf-8"?>
<Project ToolsVersion="4.0" xmlns="http://schemas.microsoft.com/developer/msbuild/2003">
  <ItemGroup>
    <ClCompile Include="Application.cpp" />
    <ClCompile Include="log.cpp" />
    <ClCompile Include="Main.cpp" />
    <ClCompile Include="Algorithm\Random\LCG.cpp">
      <Filter>Algorithm</Filter>
    </ClCompile>
    <ClCompile Include="Algorithm\GJK.cpp">
      <Filter>Algorithm</Filter>
    </ClCompile>
    <ClCompile Include="Algorithm\GJK2D.cpp">
      <Filter>Algorithm</Filter>
    </ClCompile>
    <ClCompile Include="Algorithm\SAT.cpp">
      <Filter>Algorithm</Filter>
    </ClCompile>
    <ClCompile Include="Geometry\AABB.cpp">
      <Filter>Geometry</Filter>
    </ClCompile>
    <ClCompile Include="Geometry\Capsule.cpp">
      <Filter>Geometry</Filter>
    </ClCompile>
    <ClCompile Include="Geometry\Circle.cpp">
      <Filter>Geometry</Filter>
    </ClCompile>
    <ClCompile Include="Geometry\Circle2D.cpp">
      <Filter>Geometry</Filter>
    </ClCompile>
    <ClCompile Include="Geometry\Frustum.cpp">
      <Filter>Geometry</Filter>
    </ClCompile>
    <ClCompile Include="Geometry\Line.cpp">
      <Filter>Geometry</Filter>
    </ClCompile>
    <ClCompile Include="Geometry\LineSegment.cpp">
      <Filter>Geometry</Filter>
    </ClCompile>
    <ClCompile Include="Geometry\LineSegment2D.cpp">
      <Filter>Geometry</Filter>
    </ClCompile>
    <ClCompile Include="Geometry\OBB.cpp">
      <Filter>Geometry</Filter>
    </ClCompile>
    <ClCompile Include="Geometry\PBVolume.cpp">
      <Filter>Geometry</Filter>
    </ClCompile>
    <ClCompile Include="Geometry\Plane.cpp">
      <Filter>Geometry</Filter>
    </ClCompile>
    <ClCompile Include="Geometry\Polygon.cpp">
      <Filter>Geometry</Filter>
    </ClCompile>
    <ClCompile Include="Geometry\Polyhedron.cpp">
      <Filter>Geometry</Filter>
    </ClCompile>
    <ClCompile Include="Geometry\Ray.cpp">
      <Filter>Geometry</Filter>
    </ClCompile>
    <ClCompile Include="Geometry\Sphere.cpp">
      <Filter>Geometry</Filter>
    </ClCompile>
    <ClCompile Include="Geometry\Triangle.cpp">
      <Filter>Geometry</Filter>
    </ClCompile>
    <ClCompile Include="Geometry\Triangle2D.cpp">
      <Filter>Geometry</Filter>
    </ClCompile>
    <ClCompile Include="Geometry\TriangleMesh.cpp">
      <Filter>Geometry</Filter>
    </ClCompile>
    <ClCompile Include="Math\BitOps.cpp">
      <Filter>Math</Filter>
    </ClCompile>
    <ClCompile Include="Math\Callstack.cpp">
      <Filter>Math</Filter>
    </ClCompile>
    <ClCompile Include="Math\float2.cpp">
      <Filter>Math</Filter>
    </ClCompile>
    <ClCompile Include="Math\float3.cpp">
      <Filter>Math</Filter>
    </ClCompile>
    <ClCompile Include="Math\float3x3.cpp">
      <Filter>Math</Filter>
    </ClCompile>
    <ClCompile Include="Math\float3x4.cpp">
      <Filter>Math</Filter>
    </ClCompile>
    <ClCompile Include="Math\float4.cpp">
      <Filter>Math</Filter>
    </ClCompile>
    <ClCompile Include="Math\float4d.cpp">
      <Filter>Math</Filter>
    </ClCompile>
    <ClCompile Include="Math\float4x4.cpp">
      <Filter>Math</Filter>
    </ClCompile>
    <ClCompile Include="Math\grisu3.c">
      <Filter>Math</Filter>
    </ClCompile>
    <ClCompile Include="Math\grisu3_cpp.cpp">
      <Filter>Math</Filter>
    </ClCompile>
    <ClCompile Include="Math\MathFunc.cpp">
      <Filter>Math</Filter>
    </ClCompile>
    <ClCompile Include="Math\MathLog.cpp">
      <Filter>Math</Filter>
    </ClCompile>
    <ClCompile Include="Math\MathOps.cpp">
      <Filter>Math</Filter>
    </ClCompile>
    <ClCompile Include="Math\MiniFloat.cpp">
      <Filter>Math</Filter>
    </ClCompile>
    <ClCompile Include="Math\Polynomial.cpp">
      <Filter>Math</Filter>
    </ClCompile>
    <ClCompile Include="Math\Quat.cpp">
      <Filter>Math</Filter>
    </ClCompile>
    <ClCompile Include="Math\SSEMath.cpp">
      <Filter>Math</Filter>
    </ClCompile>
    <ClCompile Include="Math\TransformOps.cpp">
      <Filter>Math</Filter>
    </ClCompile>
    <ClCompile Include="Time\Clock.cpp">
      <Filter>Time</Filter>
    </ClCompile>
    <ClCompile Include="ImGui\imgui.cpp">
      <Filter>ImGui</Filter>
    </ClCompile>
    <ClCompile Include="ImGui\imgui_demo.cpp">
      <Filter>ImGui</Filter>
    </ClCompile>
    <ClCompile Include="ImGui\imgui_draw.cpp">
      <Filter>ImGui</Filter>
    </ClCompile>
    <ClCompile Include="ImGui\imgui_impl_opengl3.cpp">
      <Filter>ImGui</Filter>
    </ClCompile>
    <ClCompile Include="ImGui\imgui_impl_sdl.cpp">
      <Filter>ImGui</Filter>
    </ClCompile>
    <ClCompile Include="ImGui\imgui_widgets.cpp">
      <Filter>ImGui</Filter>
    </ClCompile>
    <ClCompile Include="ModuleCamera.cpp">
      <Filter>MainModules</Filter>
    </ClCompile>
    <ClCompile Include="ModuleEditor.cpp">
      <Filter>MainModules</Filter>
    </ClCompile>
    <ClCompile Include="ModuleInput.cpp">
      <Filter>MainModules</Filter>
    </ClCompile>
    <ClCompile Include="ModuleProgram.cpp">
      <Filter>MainModules</Filter>
    </ClCompile>
    <ClCompile Include="ModuleRender.cpp">
      <Filter>MainModules</Filter>
    </ClCompile>
    <ClCompile Include="ModuleRenderExercise.cpp">
      <Filter>MainModules</Filter>
    </ClCompile>
    <ClCompile Include="ModuleWindow.cpp">
      <Filter>MainModules</Filter>
    </ClCompile>
    <ClCompile Include="UIConsole.cpp">
      <Filter>UIEngine</Filter>
    </ClCompile>
    <ClCompile Include="UIInspector.cpp" />
  </ItemGroup>
  <ItemGroup>
    <ClInclude Include="Application.h" />
    <ClInclude Include="Globals.h" />
    <ClInclude Include="MathGeoLib.h" />
    <ClInclude Include="MathGeoLibFwd.h" />
    <ClInclude Include="MathBuildConfig.h" />
    <ClInclude Include="Algorithm\Random\LCG.h">
      <Filter>Algorithm</Filter>
    </ClInclude>
    <ClInclude Include="Algorithm\GJK.h">
      <Filter>Algorithm</Filter>
    </ClInclude>
    <ClInclude Include="Algorithm\GJK2D.h">
      <Filter>Algorithm</Filter>
    </ClInclude>
    <ClInclude Include="Algorithm\SAT.h">
      <Filter>Algorithm</Filter>
    </ClInclude>
    <ClInclude Include="emscripten\library_system.h">
      <Filter>emscripten</Filter>
    </ClInclude>
    <ClInclude Include="Geometry\AABB.h">
      <Filter>Geometry</Filter>
    </ClInclude>
    <ClInclude Include="Geometry\AABB2D.h">
      <Filter>Geometry</Filter>
    </ClInclude>
    <ClInclude Include="Geometry\Capsule.h">
      <Filter>Geometry</Filter>
    </ClInclude>
    <ClInclude Include="Geometry\Circle.h">
      <Filter>Geometry</Filter>
    </ClInclude>
    <ClInclude Include="Geometry\Circle2D.h">
      <Filter>Geometry</Filter>
    </ClInclude>
    <ClInclude Include="Geometry\Frustum.h">
      <Filter>Geometry</Filter>
    </ClInclude>
    <ClInclude Include="Geometry\GeometryAll.h">
      <Filter>Geometry</Filter>
    </ClInclude>
    <ClInclude Include="Geometry\GeomType.h">
      <Filter>Geometry</Filter>
    </ClInclude>
    <ClInclude Include="Geometry\HitInfo.h">
      <Filter>Geometry</Filter>
    </ClInclude>
    <ClInclude Include="Geometry\KDTree.h">
      <Filter>Geometry</Filter>
    </ClInclude>
    <ClInclude Include="Geometry\Line.h">
      <Filter>Geometry</Filter>
    </ClInclude>
    <ClInclude Include="Geometry\LineSegment.h">
      <Filter>Geometry</Filter>
    </ClInclude>
    <ClInclude Include="Geometry\LineSegment2D.h">
      <Filter>Geometry</Filter>
    </ClInclude>
    <ClInclude Include="Geometry\OBB.h">
      <Filter>Geometry</Filter>
    </ClInclude>
    <ClInclude Include="Geometry\OBB2D.h">
      <Filter>Geometry</Filter>
    </ClInclude>
    <ClInclude Include="Geometry\PBVolume.h">
      <Filter>Geometry</Filter>
    </ClInclude>
    <ClInclude Include="Geometry\Plane.h">
      <Filter>Geometry</Filter>
    </ClInclude>
    <ClInclude Include="Geometry\Polygon.h">
      <Filter>Geometry</Filter>
    </ClInclude>
    <ClInclude Include="Geometry\Polygon2DRef.h">
      <Filter>Geometry</Filter>
    </ClInclude>
    <ClInclude Include="Geometry\Polyhedron.h">
      <Filter>Geometry</Filter>
    </ClInclude>
    <ClInclude Include="Geometry\QuadTree.h">
      <Filter>Geometry</Filter>
    </ClInclude>
    <ClInclude Include="Geometry\Ray.h">
      <Filter>Geometry</Filter>
    </ClInclude>
    <ClInclude Include="Geometry\Sphere.h">
      <Filter>Geometry</Filter>
    </ClInclude>
    <ClInclude Include="Geometry\Triangle.h">
      <Filter>Geometry</Filter>
    </ClInclude>
    <ClInclude Include="Geometry\Triangle2D.h">
      <Filter>Geometry</Filter>
    </ClInclude>
    <ClInclude Include="Geometry\TriangleMesh.h">
      <Filter>Geometry</Filter>
    </ClInclude>
    <ClInclude Include="Math\assume.h">
      <Filter>Math</Filter>
    </ClInclude>
    <ClInclude Include="Math\BitFuncs.h">
      <Filter>Math</Filter>
    </ClInclude>
    <ClInclude Include="Math\BitOps.h">
      <Filter>Math</Filter>
    </ClInclude>
    <ClInclude Include="Math\Callstack.h">
      <Filter>Math</Filter>
    </ClInclude>
    <ClInclude Include="Math\FixedPoint.h">
      <Filter>Math</Filter>
    </ClInclude>
    <ClInclude Include="Math\float2.h">
      <Filter>Math</Filter>
    </ClInclude>
    <ClInclude Include="Math\float3.h">
      <Filter>Math</Filter>
    </ClInclude>
    <ClInclude Include="Math\float3x3.h">
      <Filter>Math</Filter>
    </ClInclude>
    <ClInclude Include="Math\float3x4.h">
      <Filter>Math</Filter>
    </ClInclude>
    <ClInclude Include="Math\float4.h">
      <Filter>Math</Filter>
    </ClInclude>
    <ClInclude Include="Math\float4_neon.h">
      <Filter>Math</Filter>
    </ClInclude>
    <ClInclude Include="Math\float4_sse.h">
      <Filter>Math</Filter>
    </ClInclude>
    <ClInclude Include="Math\float4d.h">
      <Filter>Math</Filter>
    </ClInclude>
    <ClInclude Include="Math\float4x4.h">
      <Filter>Math</Filter>
    </ClInclude>
    <ClInclude Include="Math\float4x4_neon.h">
      <Filter>Math</Filter>
    </ClInclude>
    <ClInclude Include="Math\float4x4_sse.h">
      <Filter>Math</Filter>
    </ClInclude>
    <ClInclude Include="Math\FloatCmp.h">
      <Filter>Math</Filter>
    </ClInclude>
    <ClInclude Include="Math\grisu3.h">
      <Filter>Math</Filter>
    </ClInclude>
    <ClInclude Include="Math\InclWindows.h">
      <Filter>Math</Filter>
    </ClInclude>
    <ClInclude Include="Math\Interpolate.h">
      <Filter>Math</Filter>
    </ClInclude>
    <ClInclude Include="Math\MathAll.h">
      <Filter>Math</Filter>
    </ClInclude>
    <ClInclude Include="Math\MathConstants.h">
      <Filter>Math</Filter>
    </ClInclude>
    <ClInclude Include="Math\MathFunc.h">
      <Filter>Math</Filter>
    </ClInclude>
    <ClInclude Include="Math\MathLog.h">
      <Filter>Math</Filter>
    </ClInclude>
    <ClInclude Include="Math\MathNamespace.h">
      <Filter>Math</Filter>
    </ClInclude>
    <ClInclude Include="Math\MathTypes.h">
      <Filter>Math</Filter>
    </ClInclude>
    <ClInclude Include="Math\MatrixProxy.h">
      <Filter>Math</Filter>
    </ClInclude>
    <ClInclude Include="Math\MiniFloat.h">
      <Filter>Math</Filter>
    </ClInclude>
    <ClInclude Include="Math\MultiLineMacro.h">
      <Filter>Math</Filter>
    </ClInclude>
    <ClInclude Include="Math\myassert.h">
      <Filter>Math</Filter>
    </ClInclude>
    <ClInclude Include="Math\Polynomial.h">
      <Filter>Math</Filter>
    </ClInclude>
    <ClInclude Include="Math\Quat.h">
      <Filter>Math</Filter>
    </ClInclude>
    <ClInclude Include="Math\quat_simd.h">
      <Filter>Math</Filter>
    </ClInclude>
    <ClInclude Include="Math\Rect.h">
      <Filter>Math</Filter>
    </ClInclude>
    <ClInclude Include="Math\Reinterpret.h">
      <Filter>Math</Filter>
    </ClInclude>
    <ClInclude Include="Math\simd.h">
      <Filter>Math</Filter>
    </ClInclude>
    <ClInclude Include="Math\sse_mathfun.h">
      <Filter>Math</Filter>
    </ClInclude>
    <ClInclude Include="Math\SSEMath.h">
      <Filter>Math</Filter>
    </ClInclude>
    <ClInclude Include="Math\Swap.h">
      <Filter>Math</Filter>
    </ClInclude>
    <ClInclude Include="Math\TransformOps.h">
      <Filter>Math</Filter>
    </ClInclude>
    <ClInclude Include="Math\vec2d.h">
      <Filter>Math</Filter>
    </ClInclude>
    <ClInclude Include="Time\Clock.h">
      <Filter>Time</Filter>
    </ClInclude>
    <ClInclude Include="Point.h" />
    <ClInclude Include="ImGui\imconfig.h">
      <Filter>ImGui</Filter>
    </ClInclude>
    <ClInclude Include="ImGui\imgui.h">
      <Filter>ImGui</Filter>
    </ClInclude>
    <ClInclude Include="ImGui\imgui_impl_opengl3.h">
      <Filter>ImGui</Filter>
    </ClInclude>
    <ClInclude Include="ImGui\imgui_impl_sdl.h">
      <Filter>ImGui</Filter>
    </ClInclude>
    <ClInclude Include="ImGui\imgui_internal.h">
      <Filter>ImGui</Filter>
    </ClInclude>
    <ClInclude Include="ImGui\imstb_rectpack.h">
      <Filter>ImGui</Filter>
    </ClInclude>
    <ClInclude Include="ImGui\imstb_textedit.h">
      <Filter>ImGui</Filter>
    </ClInclude>
    <ClInclude Include="ImGui\imstb_truetype.h">
      <Filter>ImGui</Filter>
    </ClInclude>
    <ClInclude Include="ModuleCamera.h">
      <Filter>MainModules</Filter>
    </ClInclude>
    <ClInclude Include="ModuleEditor.h">
      <Filter>MainModules</Filter>
    </ClInclude>
    <ClInclude Include="ModuleInput.h">
      <Filter>MainModules</Filter>
    </ClInclude>
    <ClInclude Include="ModuleProgram.h">
      <Filter>MainModules</Filter>
    </ClInclude>
    <ClInclude Include="ModuleRender.h">
      <Filter>MainModules</Filter>
    </ClInclude>
    <ClInclude Include="ModuleRenderExercise.h">
      <Filter>MainModules</Filter>
    </ClInclude>
    <ClInclude Include="ModuleWindow.h">
      <Filter>MainModules</Filter>
    </ClInclude>
    <ClInclude Include="UIConsole.h">
      <Filter>UIEngine</Filter>
    </ClInclude>
    <ClInclude Include="UI.h">
      <Filter>UIEngine</Filter>
    </ClInclude>
    <ClInclude Include="Module.h">
      <Filter>MainModules</Filter>
    </ClInclude>
    <ClInclude Include="UIInspector.h" />
  </ItemGroup>
  <ItemGroup>
    <Filter Include="Algorithm">
      <UniqueIdentifier>{45a3b5f2-eab3-4f72-b166-5b4705483aba}</UniqueIdentifier>
    </Filter>
    <Filter Include="emscripten">
      <UniqueIdentifier>{526822f7-3f59-4d5e-9dca-957890d3b392}</UniqueIdentifier>
    </Filter>
    <Filter Include="Geometry">
      <UniqueIdentifier>{5eab97f5-d068-4de2-8473-9c1567d26916}</UniqueIdentifier>
    </Filter>
    <Filter Include="Math">
      <UniqueIdentifier>{4b48eac1-9391-4ab5-8884-2772b1689681}</UniqueIdentifier>
    </Filter>
    <Filter Include="Time">
      <UniqueIdentifier>{bd31d785-dd47-4a39-8275-fb90627c9e08}</UniqueIdentifier>
    </Filter>
    <Filter Include="ImGui">
      <UniqueIdentifier>{6ac83f5f-324b-47fa-b42a-1682106bd816}</UniqueIdentifier>
    </Filter>
    <Filter Include="MainModules">
      <UniqueIdentifier>{4084b1ab-b31a-4326-9839-3bd2b22d7fe9}</UniqueIdentifier>
    </Filter>
    <Filter Include="UIEngine">
      <UniqueIdentifier>{8ed5fcdb-98de-485e-8c42-0c1a871cbe97}</UniqueIdentifier>
    </Filter>
  </ItemGroup>
  <ItemGroup>
    <None Include="emscripten\library_system.js">
      <Filter>emscripten</Filter>
    </None>
    <None Include="Geometry\KDTree.inl">
      <Filter>Geometry</Filter>
    </None>
    <None Include="Geometry\QuadTree.inl">
      <Filter>Geometry</Filter>
    </None>
    <None Include="Geometry\TriangleMesh_IntersectRay_AVX.inl">
      <Filter>Geometry</Filter>
    </None>
    <None Include="Geometry\TriangleMesh_IntersectRay_CPP.inl">
      <Filter>Geometry</Filter>
    </None>
    <None Include="Geometry\TriangleMesh_IntersectRay_SSE.inl">
      <Filter>Geometry</Filter>
    </None>
    <None Include="Math\float2.inl">
      <Filter>Math</Filter>
    </None>
    <None Include="Math\Matrix.inl">
      <Filter>Math</Filter>
    </None>
  </ItemGroup>
</Project>